# This file was autogenerated by Stack.
# You should not edit this file by hand.
# For more information, please see the documentation at:
#   https://docs.haskellstack.org/en/stable/topics/lock_files

packages:
- completed:
    hackage: hedgehog-1.5@sha256:c904dc9d8ae7b47a58771a0fbfb7a77882059a2b77c9c0c722dc16de504d0bd4,4817
    pantry-tree:
      sha256: 3298d4289733f2d9ae179f3c71f7b6ff0648c30f4f5195c3d5e28bc8f7fe99f2
      size: 2713
  original:
    hackage: hedgehog-1.5
snapshots:
- completed:
    sha256: d5dc0b770386350f61aa8310d3d347e6ea16466a0b0adb533b64689840eebfd6
    size: 726797
    url: https://raw.githubusercontent.com/commercialhaskell/stackage-snapshots/master/lts/24/31.yaml
  original: lts-24.31
