# This file was autogenerated by Stack.
# You should not edit this file by hand.
# For more information, please see the documentation at:
#   https://docs.haskellstack.org/en/stable/lock_files

packages:
- completed:
    hackage: red-black-tree-0.1.0.0@sha256:62ef8200e8945d21afcc53a015779a27d6578d79d0e2d4dc6e8b3bcf9dabc8d4,1938
    pantry-tree:
      size: 1197
      sha256: 823d5707f336761b4023cb0f1fbab65f5867f70ce584c077e0aeaee40658bfb5
  original:
    hackage: red-black-tree-0.1.0.0@sha256:62ef8200e8945d21afcc53a015779a27d6578d79d0e2d4dc6e8b3bcf9dabc8d4,1938
snapshots:
- completed:
    size: 571803
    url: https://raw.githubusercontent.com/commercialhaskell/stackage-snapshots/master/nightly/2021/8/8.yaml
    sha256: 8492e8c97cab9a573cc1a559c688201fd29db575bada55d867717188791c7133
  original: nightly-2021-08-08
